
Microsoft Visual Studio Solution File, Format Version 12.00
# Visual Studio Version 16
VisualStudioVersion = 16.0.29709.97
MinimumVisualStudioVersion = 10.0.40219.1
Project("{9A19103F-16F7-4668-BE54-9A1E7A4F7556}") = "PlainApiGateway.Client", "PlainApiGateway.Client\PlainApiGateway.Client.csproj", "{3A9788A9-1B28-4C24-9E26-408228C8A515}"
EndProject
Project("{9A19103F-16F7-4668-BE54-9A1E7A4F7556}") = "PlainApiGateway.TestServer", "PlainApiGateway.TestServer\PlainApiGateway.TestServer.csproj", "{4F034F1E-67A6-45C2-BF54-C1D75C1C93E4}"
EndProject
Project("{9A19103F-16F7-4668-BE54-9A1E7A4F7556}") = "PlainApiGateway", "..\src\PlainApiGateway\PlainApiGateway.csproj", "{AB103729-3AAD-4CAE-A80E-DE49076DA821}"
EndProject
Global
	GlobalSection(SolutionConfigurationPlatforms) = preSolution
		Debug|Any CPU = Debug|Any CPU
		Release|Any CPU = Release|Any CPU
	EndGlobalSection
	GlobalSection(ProjectConfigurationPlatforms) = postSolution
		{3A9788A9-1B28-4C24-9E26-408228C8A515}.Debug|Any CPU.ActiveCfg = Debug|Any CPU
		{3A9788A9-1B28-4C24-9E26-408228C8A515}.Debug|Any CPU.Build.0 = Debug|Any CPU
		{3A9788A9-1B28-4C24-9E26-408228C8A515}.Release|Any CPU.ActiveCfg = Release|Any CPU
		{3A9788A9-1B28-4C24-9E26-408228C8A515}.Release|Any CPU.Build.0 = Release|Any CPU
		{4F034F1E-67A6-45C2-BF54-C1D75C1C93E4}.Debug|Any CPU.ActiveCfg = Debug|Any CPU
		{4F034F1E-67A6-45C2-BF54-C1D75C1C93E4}.Debug|Any CPU.Build.0 = Debug|Any CPU
		{4F034F1E-67A6-45C2-BF54-C1D75C1C93E4}.Release|Any CPU.ActiveCfg = Release|Any CPU
		{4F034F1E-67A6-45C2-BF54-C1D75C1C93E4}.Release|Any CPU.Build.0 = Release|Any CPU
		{AB103729-3AAD-4CAE-A80E-DE49076DA821}.Debug|Any CPU.ActiveCfg = Debug|Any CPU
		{AB103729-3AAD-4CAE-A80E-DE49076DA821}.Debug|Any CPU.Build.0 = Debug|Any CPU
		{AB103729-3AAD-4CAE-A80E-DE49076DA821}.Release|Any CPU.ActiveCfg = Release|Any CPU
		{AB103729-3AAD-4CAE-A80E-DE49076DA821}.Release|Any CPU.Build.0 = Release|Any CPU
	EndGlobalSection
	GlobalSection(SolutionProperties) = preSolution
		HideSolutionNode = FALSE
	EndGlobalSection
	GlobalSection(ExtensibilityGlobals) = postSolution
		SolutionGuid = {BE5D7473-21F1-48F9-B11F-13AD310FF34C}
	EndGlobalSection
EndGlobal
