
Microsoft Visual Studio Solution File, Format Version 12.00
# Visual Studio Version 16
VisualStudioVersion = 16.0.29709.97
MinimumVisualStudioVersion = 10.0.40219.1
Project("{9A19103F-16F7-4668-BE54-9A1E7A4F7556}") = "PlainApiGateway", "PlainApiGateway\PlainApiGateway.csproj", "{620F0249-5C18-4582-8B3B-B8F5E0486999}"
EndProject
Project("{FAE04EC0-301F-11D3-BF4B-00C04F79EFBC}") = "PlainApiGateway.Client", "PlainApiGateway.Client\PlainApiGateway.Client.csproj", "{3A9788A9-1B28-4C24-9E26-408228C8A515}"
EndProject
Global
	GlobalSection(SolutionConfigurationPlatforms) = preSolution
		Debug|Any CPU = Debug|Any CPU
		Release|Any CPU = Release|Any CPU
	EndGlobalSection
	GlobalSection(ProjectConfigurationPlatforms) = postSolution
		{620F0249-5C18-4582-8B3B-B8F5E0486999}.Debug|Any CPU.ActiveCfg = Debug|Any CPU
		{620F0249-5C18-4582-8B3B-B8F5E0486999}.Debug|Any CPU.Build.0 = Debug|Any CPU
		{620F0249-5C18-4582-8B3B-B8F5E0486999}.Release|Any CPU.ActiveCfg = Release|Any CPU
		{620F0249-5C18-4582-8B3B-B8F5E0486999}.Release|Any CPU.Build.0 = Release|Any CPU
		{3A9788A9-1B28-4C24-9E26-408228C8A515}.Debug|Any CPU.ActiveCfg = Debug|Any CPU
		{3A9788A9-1B28-4C24-9E26-408228C8A515}.Debug|Any CPU.Build.0 = Debug|Any CPU
		{3A9788A9-1B28-4C24-9E26-408228C8A515}.Release|Any CPU.ActiveCfg = Release|Any CPU
		{3A9788A9-1B28-4C24-9E26-408228C8A515}.Release|Any CPU.Build.0 = Release|Any CPU
	EndGlobalSection
	GlobalSection(SolutionProperties) = preSolution
		HideSolutionNode = FALSE
	EndGlobalSection
	GlobalSection(ExtensibilityGlobals) = postSolution
		SolutionGuid = {BE5D7473-21F1-48F9-B11F-13AD310FF34C}
	EndGlobalSection
EndGlobal
